
Microsoft Visual Studio Solution File, Format Version 12.00
# Visual Studio Version 17
VisualStudioVersion = 17.7.34202.233
MinimumVisualStudioVersion = 10.0.40219.1
Project("{FAE04EC0-301F-11D3-BF4B-00C04F79EFBC}") = "Hogeri", "Hogeri.csproj", "{0C4F9E10-3DEE-4652-972D-3759F7C9AAD3}"
EndProject
Global
	GlobalSection(SolutionConfigurationPlatforms) = preSolution
		Debug|Any CPU = Debug|Any CPU
		Release|Any CPU = Release|Any CPU
	EndGlobalSection
	GlobalSection(ProjectConfigurationPlatforms) = postSolution
		{0C4F9E10-3DEE-4652-972D-3759F7C9AAD3}.Debug|Any CPU.ActiveCfg = Debug|Any CPU
		{0C4F9E10-3DEE-4652-972D-3759F7C9AAD3}.Debug|Any CPU.Build.0 = Debug|Any CPU
		{0C4F9E10-3DEE-4652-972D-3759F7C9AAD3}.Release|Any CPU.ActiveCfg = Release|Any CPU
		{0C4F9E10-3DEE-4652-972D-3759F7C9AAD3}.Release|Any CPU.Build.0 = Release|Any CPU
	EndGlobalSection
	GlobalSection(SolutionProperties) = preSolution
		HideSolutionNode = FALSE
	EndGlobalSection
	GlobalSection(ExtensibilityGlobals) = postSolution
		SolutionGuid = {FBDD9F60-BF58-4FBD-9768-FADF0C860582}
	EndGlobalSection
EndGlobal
